// !$*UTF8*$!
{
	archiveVersion = 1;
	classes = {
	};
	objectVersion = 56;
	objects = {

/* Begin PBXBuildFile section */
		0F15C9242AEBD09C00CE48CD /* MapVC.swift in Sources */ = {isa = PBXBuildFile; fileRef = 0F15C9232AEBD09C00CE48CD /* MapVC.swift */; };
		0F7829682AE9113D00B2EBDE /* AppDelegate.swift in Sources */ = {isa = PBXBuildFile; fileRef = 0F7829672AE9113D00B2EBDE /* AppDelegate.swift */; };
		0F78296A2AE9113D00B2EBDE /* SceneDelegate.swift in Sources */ = {isa = PBXBuildFile; fileRef = 0F7829692AE9113D00B2EBDE /* SceneDelegate.swift */; };
		0F7829712AE9113E00B2EBDE /* Assets.xcassets in Resources */ = {isa = PBXBuildFile; fileRef = 0F7829702AE9113E00B2EBDE /* Assets.xcassets */; };
		0F7829742AE9113E00B2EBDE /* LaunchScreen.storyboard in Resources */ = {isa = PBXBuildFile; fileRef = 0F7829722AE9113E00B2EBDE /* LaunchScreen.storyboard */; };
		0F78297D2AE9116800B2EBDE /* SnapKit in Frameworks */ = {isa = PBXBuildFile; productRef = 0F78297C2AE9116800B2EBDE /* SnapKit */; };
		0F7829802AE9117300B2EBDE /* Alamofire in Frameworks */ = {isa = PBXBuildFile; productRef = 0F78297F2AE9117300B2EBDE /* Alamofire */; };
		0F7829822AE911A500B2EBDE /* Extensions.swift in Sources */ = {isa = PBXBuildFile; fileRef = 0F7829812AE911A500B2EBDE /* Extensions.swift */; };
		0F7829852AE911F400B2EBDE /* LoginVC.swift in Sources */ = {isa = PBXBuildFile; fileRef = 0F7829832AE911F400B2EBDE /* LoginVC.swift */; };
		0F7829862AE911F400B2EBDE /* SignUpVC.swift in Sources */ = {isa = PBXBuildFile; fileRef = 0F7829842AE911F400B2EBDE /* SignUpVC.swift */; };
		0F7829882AE9123C00B2EBDE /* AppTextField.swift in Sources */ = {isa = PBXBuildFile; fileRef = 0F7829872AE9123C00B2EBDE /* AppTextField.swift */; };
		0F78298B2AE912AA00B2EBDE /* Poppins-Regular.ttf in Resources */ = {isa = PBXBuildFile; fileRef = 0F7829892AE912A900B2EBDE /* Poppins-Regular.ttf */; };
		0F78298C2AE912AA00B2EBDE /* ReenieBeanie-Regular.ttf in Resources */ = {isa = PBXBuildFile; fileRef = 0F78298A2AE912AA00B2EBDE /* ReenieBeanie-Regular.ttf */; };
		0F7829A32AE92B0D00B2EBDE /* Router.swift in Sources */ = {isa = PBXBuildFile; fileRef = 0F7829A22AE92B0D00B2EBDE /* Router.swift */; };
		0F7829A72AEA7FF600B2EBDE /* Protocol.swift in Sources */ = {isa = PBXBuildFile; fileRef = 0F7829A62AEA7FF600B2EBDE /* Protocol.swift */; };
		0FB39D0A2AF386E0002C5DF7 /* SettingsVC.swift in Sources */ = {isa = PBXBuildFile; fileRef = 0FB39D092AF386E0002C5DF7 /* SettingsVC.swift */; };
		0FB39D0C2AF38A21002C5DF7 /* AppLabel.swift in Sources */ = {isa = PBXBuildFile; fileRef = 0FB39D0B2AF38A21002C5DF7 /* AppLabel.swift */; };
		0FB39D0E2AF39B7D002C5DF7 /* SettingsCollectionCell.swift in Sources */ = {isa = PBXBuildFile; fileRef = 0FB39D0D2AF39B7D002C5DF7 /* SettingsCollectionCell.swift */; };
		0FF6D4582AEFC11900AA1339 /* KeychainHelper.swift in Sources */ = {isa = PBXBuildFile; fileRef = 0FF6D4572AEFC11900AA1339 /* KeychainHelper.swift */; };
		0FF6D45C2AEFC89D00AA1339 /* PlaceModel.swift in Sources */ = {isa = PBXBuildFile; fileRef = 0FF6D45B2AEFC89D00AA1339 /* PlaceModel.swift */; };
		0FF6D4612AF114E200AA1339 /* MapVM.swift in Sources */ = {isa = PBXBuildFile; fileRef = 0FF6D4602AF114E200AA1339 /* MapVM.swift */; };
		0FF6D4632AF1367500AA1339 /* SignUpVM.swift in Sources */ = {isa = PBXBuildFile; fileRef = 0FF6D4622AF1367500AA1339 /* SignUpVM.swift */; };
		0FF6D4652AF1368300AA1339 /* LoginVM.swift in Sources */ = {isa = PBXBuildFile; fileRef = 0FF6D4642AF1368300AA1339 /* LoginVM.swift */; };
		0FF6D4672AF2239E00AA1339 /* MapPresentVC.swift in Sources */ = {isa = PBXBuildFile; fileRef = 0FF6D4662AF2239E00AA1339 /* MapPresentVC.swift */; };
		0FF6D4692AF247CE00AA1339 /* MapPlacesCellVC.swift in Sources */ = {isa = PBXBuildFile; fileRef = 0FF6D4682AF247CE00AA1339 /* MapPlacesCellVC.swift */; };
		5E388FC22AEA5193002ABDBD /* UserModel.swift in Sources */ = {isa = PBXBuildFile; fileRef = 5E388FC12AEA5193002ABDBD /* UserModel.swift */; };
		5E388FC62AEA51DE002ABDBD /* NetworkingHelper.swift in Sources */ = {isa = PBXBuildFile; fileRef = 5E388FC52AEA51DE002ABDBD /* NetworkingHelper.swift */; };
		5E388FCA2AEA605E002ABDBD /* CustomVisitCellVC.swift in Sources */ = {isa = PBXBuildFile; fileRef = 5E388FC92AEA605E002ABDBD /* CustomVisitCellVC.swift */; };
		5E388FCD2AEA680C002ABDBD /* TinyConstraints in Frameworks */ = {isa = PBXBuildFile; productRef = 5E388FCC2AEA680C002ABDBD /* TinyConstraints */; };
		EC4D832B2AE9279500D4936E /* AppButton.swift in Sources */ = {isa = PBXBuildFile; fileRef = EC4D832A2AE9279500D4936E /* AppButton.swift */; };
		ECC8C5D22AEA448F001ED067 /* AppAlert.swift in Sources */ = {isa = PBXBuildFile; fileRef = ECC8C5D12AEA448F001ED067 /* AppAlert.swift */; };
		ECC8C5D62AEA45C6001ED067 /* VisitsVC.swift in Sources */ = {isa = PBXBuildFile; fileRef = ECC8C5D52AEA45C6001ED067 /* VisitsVC.swift */; };
		ECC8C5DA2AEA678C001ED067 /* Poppins-Bold.ttf in Resources */ = {isa = PBXBuildFile; fileRef = ECC8C5D92AEA678C001ED067 /* Poppins-Bold.ttf */; };
		ECC8C5DD2AEA8319001ED067 /* Poppins-Medium.ttf in Resources */ = {isa = PBXBuildFile; fileRef = ECC8C5DB2AEA8319001ED067 /* Poppins-Medium.ttf */; };
		ECC8C5DE2AEA8319001ED067 /* Poppins-SemiBold.ttf in Resources */ = {isa = PBXBuildFile; fileRef = ECC8C5DC2AEA8319001ED067 /* Poppins-SemiBold.ttf */; };
		ECFFD1CC2AEBD5CB0066E75C /* VisitsVM.swift in Sources */ = {isa = PBXBuildFile; fileRef = ECFFD1CB2AEBD5CB0066E75C /* VisitsVM.swift */; };
		ECFFD1CE2AEF874B0066E75C /* TabBarVC.swift in Sources */ = {isa = PBXBuildFile; fileRef = ECFFD1CD2AEF874B0066E75C /* TabBarVC.swift */; };
		ECFFD1D02AEFD3750066E75C /* HomeVC.swift in Sources */ = {isa = PBXBuildFile; fileRef = ECFFD1CF2AEFD3750066E75C /* HomeVC.swift */; };
		ECFFD1D22AEFD9380066E75C /* CustomCollectionViewCell.swift in Sources */ = {isa = PBXBuildFile; fileRef = ECFFD1D12AEFD9380066E75C /* CustomCollectionViewCell.swift */; };
		ECFFD1D42AF11E970066E75C /* HeaderView.swift in Sources */ = {isa = PBXBuildFile; fileRef = ECFFD1D32AF11E970066E75C /* HeaderView.swift */; };
/* End PBXBuildFile section */

/* Begin PBXFileReference section */
		0F15C9232AEBD09C00CE48CD /* MapVC.swift */ = {isa = PBXFileReference; lastKnownFileType = sourcecode.swift; path = MapVC.swift; sourceTree = "<group>"; };
		0F7829642AE9113D00B2EBDE /* TravioApp.app */ = {isa = PBXFileReference; explicitFileType = wrapper.application; includeInIndex = 0; path = TravioApp.app; sourceTree = BUILT_PRODUCTS_DIR; };
		0F7829672AE9113D00B2EBDE /* AppDelegate.swift */ = {isa = PBXFileReference; lastKnownFileType = sourcecode.swift; path = AppDelegate.swift; sourceTree = "<group>"; };
		0F7829692AE9113D00B2EBDE /* SceneDelegate.swift */ = {isa = PBXFileReference; lastKnownFileType = sourcecode.swift; path = SceneDelegate.swift; sourceTree = "<group>"; };
		0F7829702AE9113E00B2EBDE /* Assets.xcassets */ = {isa = PBXFileReference; lastKnownFileType = folder.assetcatalog; path = Assets.xcassets; sourceTree = "<group>"; };
		0F7829732AE9113E00B2EBDE /* Base */ = {isa = PBXFileReference; lastKnownFileType = file.storyboard; name = Base; path = Base.lproj/LaunchScreen.storyboard; sourceTree = "<group>"; };
		0F7829752AE9113E00B2EBDE /* Info.plist */ = {isa = PBXFileReference; lastKnownFileType = text.plist.xml; path = Info.plist; sourceTree = "<group>"; };
		0F7829812AE911A500B2EBDE /* Extensions.swift */ = {isa = PBXFileReference; lastKnownFileType = sourcecode.swift; path = Extensions.swift; sourceTree = "<group>"; };
		0F7829832AE911F400B2EBDE /* LoginVC.swift */ = {isa = PBXFileReference; fileEncoding = 4; lastKnownFileType = sourcecode.swift; path = LoginVC.swift; sourceTree = "<group>"; };
		0F7829842AE911F400B2EBDE /* SignUpVC.swift */ = {isa = PBXFileReference; fileEncoding = 4; lastKnownFileType = sourcecode.swift; path = SignUpVC.swift; sourceTree = "<group>"; };
		0F7829872AE9123C00B2EBDE /* AppTextField.swift */ = {isa = PBXFileReference; lastKnownFileType = sourcecode.swift; path = AppTextField.swift; sourceTree = "<group>"; };
		0F7829892AE912A900B2EBDE /* Poppins-Regular.ttf */ = {isa = PBXFileReference; lastKnownFileType = file; path = "Poppins-Regular.ttf"; sourceTree = "<group>"; };
		0F78298A2AE912AA00B2EBDE /* ReenieBeanie-Regular.ttf */ = {isa = PBXFileReference; lastKnownFileType = file; path = "ReenieBeanie-Regular.ttf"; sourceTree = "<group>"; };
		0F7829A22AE92B0D00B2EBDE /* Router.swift */ = {isa = PBXFileReference; lastKnownFileType = sourcecode.swift; path = Router.swift; sourceTree = "<group>"; };
		0F7829A62AEA7FF600B2EBDE /* Protocol.swift */ = {isa = PBXFileReference; lastKnownFileType = sourcecode.swift; path = Protocol.swift; sourceTree = "<group>"; };
		0FB39D092AF386E0002C5DF7 /* SettingsVC.swift */ = {isa = PBXFileReference; lastKnownFileType = sourcecode.swift; path = SettingsVC.swift; sourceTree = "<group>"; };
		0FB39D0B2AF38A21002C5DF7 /* AppLabel.swift */ = {isa = PBXFileReference; lastKnownFileType = sourcecode.swift; path = AppLabel.swift; sourceTree = "<group>"; };
		0FB39D0D2AF39B7D002C5DF7 /* SettingsCollectionCell.swift */ = {isa = PBXFileReference; lastKnownFileType = sourcecode.swift; path = SettingsCollectionCell.swift; sourceTree = "<group>"; };
		0FF6D4572AEFC11900AA1339 /* KeychainHelper.swift */ = {isa = PBXFileReference; lastKnownFileType = sourcecode.swift; path = KeychainHelper.swift; sourceTree = "<group>"; };
		0FF6D45B2AEFC89D00AA1339 /* PlaceModel.swift */ = {isa = PBXFileReference; lastKnownFileType = sourcecode.swift; path = PlaceModel.swift; sourceTree = "<group>"; };
		0FF6D4602AF114E200AA1339 /* MapVM.swift */ = {isa = PBXFileReference; lastKnownFileType = sourcecode.swift; path = MapVM.swift; sourceTree = "<group>"; };
		0FF6D4622AF1367500AA1339 /* SignUpVM.swift */ = {isa = PBXFileReference; lastKnownFileType = sourcecode.swift; path = SignUpVM.swift; sourceTree = "<group>"; };
		0FF6D4642AF1368300AA1339 /* LoginVM.swift */ = {isa = PBXFileReference; lastKnownFileType = sourcecode.swift; path = LoginVM.swift; sourceTree = "<group>"; };
		0FF6D4662AF2239E00AA1339 /* MapPresentVC.swift */ = {isa = PBXFileReference; lastKnownFileType = sourcecode.swift; path = MapPresentVC.swift; sourceTree = "<group>"; };
		0FF6D4682AF247CE00AA1339 /* MapPlacesCellVC.swift */ = {isa = PBXFileReference; lastKnownFileType = sourcecode.swift; path = MapPlacesCellVC.swift; sourceTree = "<group>"; };
		5E388FC12AEA5193002ABDBD /* UserModel.swift */ = {isa = PBXFileReference; lastKnownFileType = sourcecode.swift; path = UserModel.swift; sourceTree = "<group>"; };
		5E388FC52AEA51DE002ABDBD /* NetworkingHelper.swift */ = {isa = PBXFileReference; lastKnownFileType = sourcecode.swift; path = NetworkingHelper.swift; sourceTree = "<group>"; };
		5E388FC92AEA605E002ABDBD /* CustomVisitCellVC.swift */ = {isa = PBXFileReference; lastKnownFileType = sourcecode.swift; path = CustomVisitCellVC.swift; sourceTree = "<group>"; };
		EC4D832A2AE9279500D4936E /* AppButton.swift */ = {isa = PBXFileReference; fileEncoding = 4; lastKnownFileType = sourcecode.swift; path = AppButton.swift; sourceTree = "<group>"; };
		ECC8C5D12AEA448F001ED067 /* AppAlert.swift */ = {isa = PBXFileReference; lastKnownFileType = sourcecode.swift; path = AppAlert.swift; sourceTree = "<group>"; };
		ECC8C5D52AEA45C6001ED067 /* VisitsVC.swift */ = {isa = PBXFileReference; lastKnownFileType = sourcecode.swift; path = VisitsVC.swift; sourceTree = "<group>"; };
		ECC8C5D92AEA678C001ED067 /* Poppins-Bold.ttf */ = {isa = PBXFileReference; lastKnownFileType = file; path = "Poppins-Bold.ttf"; sourceTree = "<group>"; };
		ECC8C5DB2AEA8319001ED067 /* Poppins-Medium.ttf */ = {isa = PBXFileReference; lastKnownFileType = file; path = "Poppins-Medium.ttf"; sourceTree = "<group>"; };
		ECC8C5DC2AEA8319001ED067 /* Poppins-SemiBold.ttf */ = {isa = PBXFileReference; lastKnownFileType = file; path = "Poppins-SemiBold.ttf"; sourceTree = "<group>"; };
		ECFFD1CB2AEBD5CB0066E75C /* VisitsVM.swift */ = {isa = PBXFileReference; lastKnownFileType = sourcecode.swift; path = VisitsVM.swift; sourceTree = "<group>"; };
		ECFFD1CD2AEF874B0066E75C /* TabBarVC.swift */ = {isa = PBXFileReference; lastKnownFileType = sourcecode.swift; path = TabBarVC.swift; sourceTree = "<group>"; };
		ECFFD1CF2AEFD3750066E75C /* HomeVC.swift */ = {isa = PBXFileReference; lastKnownFileType = sourcecode.swift; path = HomeVC.swift; sourceTree = "<group>"; };
		ECFFD1D12AEFD9380066E75C /* CustomCollectionViewCell.swift */ = {isa = PBXFileReference; lastKnownFileType = sourcecode.swift; path = CustomCollectionViewCell.swift; sourceTree = "<group>"; };
		ECFFD1D32AF11E970066E75C /* HeaderView.swift */ = {isa = PBXFileReference; lastKnownFileType = sourcecode.swift; path = HeaderView.swift; sourceTree = "<group>"; };
/* End PBXFileReference section */

/* Begin PBXFrameworksBuildPhase section */
		0F7829612AE9113D00B2EBDE /* Frameworks */ = {
			isa = PBXFrameworksBuildPhase;
			buildActionMask = 2147483647;
			files = (
				0F78297D2AE9116800B2EBDE /* SnapKit in Frameworks */,
				0F7829802AE9117300B2EBDE /* Alamofire in Frameworks */,
				5E388FCD2AEA680C002ABDBD /* TinyConstraints in Frameworks */,
			);
			runOnlyForDeploymentPostprocessing = 0;
		};
/* End PBXFrameworksBuildPhase section */

/* Begin PBXGroup section */
		0F78295B2AE9113D00B2EBDE = {
			isa = PBXGroup;
			children = (
				0F7829662AE9113D00B2EBDE /* TravioApp */,
				0F7829652AE9113D00B2EBDE /* Products */,
			);
			sourceTree = "<group>";
		};
		0F7829652AE9113D00B2EBDE /* Products */ = {
			isa = PBXGroup;
			children = (
				0F7829642AE9113D00B2EBDE /* TravioApp.app */,
			);
			name = Products;
			sourceTree = "<group>";
		};
		0F7829662AE9113D00B2EBDE /* TravioApp */ = {
			isa = PBXGroup;
			children = (
				0F7829672AE9113D00B2EBDE /* AppDelegate.swift */,
				0F7829692AE9113D00B2EBDE /* SceneDelegate.swift */,
				0F7829A62AEA7FF600B2EBDE /* Protocol.swift */,
				0FF6D45E2AEFC8F400AA1339 /* ViewModels */,
				0FF6D45D2AEFC8B800AA1339 /* UIElements */,
				0FF6D45A2AEFC82B00AA1339 /* Models */,
				0FF6D4592AEFC81A00AA1339 /* Helpers */,
				0F78298D2AE912C100B2EBDE /* Fonts */,
				5E388FC02AEA5151002ABDBD /* Networking */,
				0F7829A12AE92A1D00B2EBDE /* Views */,
				0FF6D45F2AEFC97900AA1339 /* Utilits */,
				0F7829702AE9113E00B2EBDE /* Assets.xcassets */,
				0F7829722AE9113E00B2EBDE /* LaunchScreen.storyboard */,
				0F7829752AE9113E00B2EBDE /* Info.plist */,
			);
			path = TravioApp;
			sourceTree = "<group>";
		};
		0F78298D2AE912C100B2EBDE /* Fonts */ = {
			isa = PBXGroup;
			children = (
				ECC8C5DB2AEA8319001ED067 /* Poppins-Medium.ttf */,
				ECC8C5DC2AEA8319001ED067 /* Poppins-SemiBold.ttf */,
				0F78298A2AE912AA00B2EBDE /* ReenieBeanie-Regular.ttf */,
				0F7829892AE912A900B2EBDE /* Poppins-Regular.ttf */,
				ECC8C5D92AEA678C001ED067 /* Poppins-Bold.ttf */,
			);
			path = Fonts;
			sourceTree = "<group>";
		};
		0F7829A12AE92A1D00B2EBDE /* Views */ = {
			isa = PBXGroup;
			children = (
				ECFFD1CD2AEF874B0066E75C /* TabBarVC.swift */,
				0F7829842AE911F400B2EBDE /* SignUpVC.swift */,
				0F7829832AE911F400B2EBDE /* LoginVC.swift */,
				ECC8C5D52AEA45C6001ED067 /* VisitsVC.swift */,
				5E388FC92AEA605E002ABDBD /* CustomVisitCellVC.swift */,
				0F15C9232AEBD09C00CE48CD /* MapVC.swift */,
				0FF6D4662AF2239E00AA1339 /* MapPresentVC.swift */,
				0FF6D4682AF247CE00AA1339 /* MapPlacesCellVC.swift */,
				ECFFD1CF2AEFD3750066E75C /* HomeVC.swift */,
				ECFFD1D32AF11E970066E75C /* HeaderView.swift */,
				ECFFD1D12AEFD9380066E75C /* CustomCollectionViewCell.swift */,
				0FB39D092AF386E0002C5DF7 /* SettingsVC.swift */,
				0FB39D0D2AF39B7D002C5DF7 /* SettingsCollectionCell.swift */,
			);
			path = Views;
			sourceTree = "<group>";
		};
		0FF6D4592AEFC81A00AA1339 /* Helpers */ = {
			isa = PBXGroup;
			children = (
				0FF6D4572AEFC11900AA1339 /* KeychainHelper.swift */,
				5E388FC52AEA51DE002ABDBD /* NetworkingHelper.swift */,
			);
			path = Helpers;
			sourceTree = "<group>";
		};
		0FF6D45A2AEFC82B00AA1339 /* Models */ = {
			isa = PBXGroup;
			children = (
				5E388FC12AEA5193002ABDBD /* UserModel.swift */,
				0FF6D45B2AEFC89D00AA1339 /* PlaceModel.swift */,
			);
			path = Models;
			sourceTree = "<group>";
		};
		0FF6D45D2AEFC8B800AA1339 /* UIElements */ = {
			isa = PBXGroup;
			children = (
				0F7829872AE9123C00B2EBDE /* AppTextField.swift */,
				ECC8C5D12AEA448F001ED067 /* AppAlert.swift */,
				EC4D832A2AE9279500D4936E /* AppButton.swift */,
				0FB39D0B2AF38A21002C5DF7 /* AppLabel.swift */,
			);
			path = UIElements;
			sourceTree = "<group>";
		};
		0FF6D45E2AEFC8F400AA1339 /* ViewModels */ = {
			isa = PBXGroup;
			children = (
				ECFFD1CB2AEBD5CB0066E75C /* VisitsVM.swift */,
				0FF6D4602AF114E200AA1339 /* MapVM.swift */,
				0FF6D4622AF1367500AA1339 /* SignUpVM.swift */,
				0FF6D4642AF1368300AA1339 /* LoginVM.swift */,
			);
			path = ViewModels;
			sourceTree = "<group>";
		};
		0FF6D45F2AEFC97900AA1339 /* Utilits */ = {
			isa = PBXGroup;
			children = (
				0F7829812AE911A500B2EBDE /* Extensions.swift */,
			);
			path = Utilits;
			sourceTree = "<group>";
		};
		5E388FC02AEA5151002ABDBD /* Networking */ = {
			isa = PBXGroup;
			children = (
				0F7829A22AE92B0D00B2EBDE /* Router.swift */,
			);
			path = Networking;
			sourceTree = "<group>";
		};
/* End PBXGroup section */

/* Begin PBXNativeTarget section */
		0F7829632AE9113D00B2EBDE /* TravioApp */ = {
			isa = PBXNativeTarget;
			buildConfigurationList = 0F7829782AE9113E00B2EBDE /* Build configuration list for PBXNativeTarget "TravioApp" */;
			buildPhases = (
				0F7829602AE9113D00B2EBDE /* Sources */,
				0F7829612AE9113D00B2EBDE /* Frameworks */,
				0F7829622AE9113D00B2EBDE /* Resources */,
			);
			buildRules = (
			);
			dependencies = (
			);
			name = TravioApp;
			packageProductDependencies = (
				0F78297C2AE9116800B2EBDE /* SnapKit */,
				0F78297F2AE9117300B2EBDE /* Alamofire */,
				5E388FCC2AEA680C002ABDBD /* TinyConstraints */,
			);
			productName = TravioApp;
			productReference = 0F7829642AE9113D00B2EBDE /* TravioApp.app */;
			productType = "com.apple.product-type.application";
		};
/* End PBXNativeTarget section */

/* Begin PBXProject section */
		0F78295C2AE9113D00B2EBDE /* Project object */ = {
			isa = PBXProject;
			attributes = {
				BuildIndependentTargetsInParallel = 1;
				LastSwiftUpdateCheck = 1430;
				LastUpgradeCheck = 1430;
				TargetAttributes = {
					0F7829632AE9113D00B2EBDE = {
						CreatedOnToolsVersion = 14.3.1;
					};
				};
			};
			buildConfigurationList = 0F78295F2AE9113D00B2EBDE /* Build configuration list for PBXProject "TravioApp" */;
			compatibilityVersion = "Xcode 14.0";
			developmentRegion = en;
			hasScannedForEncodings = 0;
			knownRegions = (
				en,
				Base,
			);
			mainGroup = 0F78295B2AE9113D00B2EBDE;
			packageReferences = (
				0F78297B2AE9116800B2EBDE /* XCRemoteSwiftPackageReference "SnapKit" */,
				0F78297E2AE9117300B2EBDE /* XCRemoteSwiftPackageReference "Alamofire" */,
				5E388FCB2AEA680C002ABDBD /* XCRemoteSwiftPackageReference "TinyConstraints" */,
			);
			productRefGroup = 0F7829652AE9113D00B2EBDE /* Products */;
			projectDirPath = "";
			projectRoot = "";
			targets = (
				0F7829632AE9113D00B2EBDE /* TravioApp */,
			);
		};
/* End PBXProject section */

/* Begin PBXResourcesBuildPhase section */
		0F7829622AE9113D00B2EBDE /* Resources */ = {
			isa = PBXResourcesBuildPhase;
			buildActionMask = 2147483647;
			files = (
				0F78298B2AE912AA00B2EBDE /* Poppins-Regular.ttf in Resources */,
				ECC8C5DE2AEA8319001ED067 /* Poppins-SemiBold.ttf in Resources */,
				0F7829742AE9113E00B2EBDE /* LaunchScreen.storyboard in Resources */,
				ECC8C5DA2AEA678C001ED067 /* Poppins-Bold.ttf in Resources */,
				ECC8C5DD2AEA8319001ED067 /* Poppins-Medium.ttf in Resources */,
				0F7829712AE9113E00B2EBDE /* Assets.xcassets in Resources */,
				0F78298C2AE912AA00B2EBDE /* ReenieBeanie-Regular.ttf in Resources */,
			);
			runOnlyForDeploymentPostprocessing = 0;
		};
/* End PBXResourcesBuildPhase section */

/* Begin PBXSourcesBuildPhase section */
		0F7829602AE9113D00B2EBDE /* Sources */ = {
			isa = PBXSourcesBuildPhase;
			buildActionMask = 2147483647;
			files = (
				0FF6D4632AF1367500AA1339 /* SignUpVM.swift in Sources */,
				ECC8C5D62AEA45C6001ED067 /* VisitsVC.swift in Sources */,
				0F7829682AE9113D00B2EBDE /* AppDelegate.swift in Sources */,
				0F78296A2AE9113D00B2EBDE /* SceneDelegate.swift in Sources */,
				0FF6D45C2AEFC89D00AA1339 /* PlaceModel.swift in Sources */,
				0FF6D4582AEFC11900AA1339 /* KeychainHelper.swift in Sources */,
				0FF6D4672AF2239E00AA1339 /* MapPresentVC.swift in Sources */,
				0F7829852AE911F400B2EBDE /* LoginVC.swift in Sources */,
				5E388FCA2AEA605E002ABDBD /* CustomVisitCellVC.swift in Sources */,
				0F7829A32AE92B0D00B2EBDE /* Router.swift in Sources */,
				0F7829882AE9123C00B2EBDE /* AppTextField.swift in Sources */,
				ECFFD1CE2AEF874B0066E75C /* TabBarVC.swift in Sources */,
				0F7829862AE911F400B2EBDE /* SignUpVC.swift in Sources */,
				0FB39D0A2AF386E0002C5DF7 /* SettingsVC.swift in Sources */,
				0FB39D0E2AF39B7D002C5DF7 /* SettingsCollectionCell.swift in Sources */,
				0F15C9242AEBD09C00CE48CD /* MapVC.swift in Sources */,
				0F7829822AE911A500B2EBDE /* Extensions.swift in Sources */,
				ECC8C5D22AEA448F001ED067 /* AppAlert.swift in Sources */,
				ECFFD1D02AEFD3750066E75C /* HomeVC.swift in Sources */,
				5E388FC62AEA51DE002ABDBD /* NetworkingHelper.swift in Sources */,
				5E388FC22AEA5193002ABDBD /* UserModel.swift in Sources */,
				EC4D832B2AE9279500D4936E /* AppButton.swift in Sources */,
				0FB39D0C2AF38A21002C5DF7 /* AppLabel.swift in Sources */,
				ECFFD1CC2AEBD5CB0066E75C /* VisitsVM.swift in Sources */,
				0FF6D4612AF114E200AA1339 /* MapVM.swift in Sources */,
				0FF6D4652AF1368300AA1339 /* LoginVM.swift in Sources */,
				0F7829A72AEA7FF600B2EBDE /* Protocol.swift in Sources */,
				0FF6D4692AF247CE00AA1339 /* MapPlacesCellVC.swift in Sources */,
				ECFFD1D42AF11E970066E75C /* HeaderView.swift in Sources */,
				ECFFD1D22AEFD9380066E75C /* CustomCollectionViewCell.swift in Sources */,
			);
			runOnlyForDeploymentPostprocessing = 0;
		};
/* End PBXSourcesBuildPhase section */

/* Begin PBXVariantGroup section */
		0F7829722AE9113E00B2EBDE /* LaunchScreen.storyboard */ = {
			isa = PBXVariantGroup;
			children = (
				0F7829732AE9113E00B2EBDE /* Base */,
			);
			name = LaunchScreen.storyboard;
			sourceTree = "<group>";
		};
/* End PBXVariantGroup section */

/* Begin XCBuildConfiguration section */
		0F7829762AE9113E00B2EBDE /* Debug */ = {
			isa = XCBuildConfiguration;
			buildSettings = {
				ALWAYS_SEARCH_USER_PATHS = NO;
				CLANG_ANALYZER_NONNULL = YES;
				CLANG_ANALYZER_NUMBER_OBJECT_CONVERSION = YES_AGGRESSIVE;
				CLANG_CXX_LANGUAGE_STANDARD = "gnu++20";
				CLANG_ENABLE_MODULES = YES;
				CLANG_ENABLE_OBJC_ARC = YES;
				CLANG_ENABLE_OBJC_WEAK = YES;
				CLANG_WARN_BLOCK_CAPTURE_AUTORELEASING = YES;
				CLANG_WARN_BOOL_CONVERSION = YES;
				CLANG_WARN_COMMA = YES;
				CLANG_WARN_CONSTANT_CONVERSION = YES;
				CLANG_WARN_DEPRECATED_OBJC_IMPLEMENTATIONS = YES;
				CLANG_WARN_DIRECT_OBJC_ISA_USAGE = YES_ERROR;
				CLANG_WARN_DOCUMENTATION_COMMENTS = YES;
				CLANG_WARN_EMPTY_BODY = YES;
				CLANG_WARN_ENUM_CONVERSION = YES;
				CLANG_WARN_INFINITE_RECURSION = YES;
				CLANG_WARN_INT_CONVERSION = YES;
				CLANG_WARN_NON_LITERAL_NULL_CONVERSION = YES;
				CLANG_WARN_OBJC_IMPLICIT_RETAIN_SELF = YES;
				CLANG_WARN_OBJC_LITERAL_CONVERSION = YES;
				CLANG_WARN_OBJC_ROOT_CLASS = YES_ERROR;
				CLANG_WARN_QUOTED_INCLUDE_IN_FRAMEWORK_HEADER = YES;
				CLANG_WARN_RANGE_LOOP_ANALYSIS = YES;
				CLANG_WARN_STRICT_PROTOTYPES = YES;
				CLANG_WARN_SUSPICIOUS_MOVE = YES;
				CLANG_WARN_UNGUARDED_AVAILABILITY = YES_AGGRESSIVE;
				CLANG_WARN_UNREACHABLE_CODE = YES;
				CLANG_WARN__DUPLICATE_METHOD_MATCH = YES;
				COPY_PHASE_STRIP = NO;
				DEBUG_INFORMATION_FORMAT = dwarf;
				ENABLE_STRICT_OBJC_MSGSEND = YES;
				ENABLE_TESTABILITY = YES;
				GCC_C_LANGUAGE_STANDARD = gnu11;
				GCC_DYNAMIC_NO_PIC = NO;
				GCC_NO_COMMON_BLOCKS = YES;
				GCC_OPTIMIZATION_LEVEL = 0;
				GCC_PREPROCESSOR_DEFINITIONS = (
					"DEBUG=1",
					"$(inherited)",
				);
				GCC_WARN_64_TO_32_BIT_CONVERSION = YES;
				GCC_WARN_ABOUT_RETURN_TYPE = YES_ERROR;
				GCC_WARN_UNDECLARED_SELECTOR = YES;
				GCC_WARN_UNINITIALIZED_AUTOS = YES_AGGRESSIVE;
				GCC_WARN_UNUSED_FUNCTION = YES;
				GCC_WARN_UNUSED_VARIABLE = YES;
				IPHONEOS_DEPLOYMENT_TARGET = 16.4;
				MTL_ENABLE_DEBUG_INFO = INCLUDE_SOURCE;
				MTL_FAST_MATH = YES;
				ONLY_ACTIVE_ARCH = YES;
				SDKROOT = iphoneos;
				SWIFT_ACTIVE_COMPILATION_CONDITIONS = DEBUG;
				SWIFT_OPTIMIZATION_LEVEL = "-Onone";
			};
			name = Debug;
		};
		0F7829772AE9113E00B2EBDE /* Release */ = {
			isa = XCBuildConfiguration;
			buildSettings = {
				ALWAYS_SEARCH_USER_PATHS = NO;
				CLANG_ANALYZER_NONNULL = YES;
				CLANG_ANALYZER_NUMBER_OBJECT_CONVERSION = YES_AGGRESSIVE;
				CLANG_CXX_LANGUAGE_STANDARD = "gnu++20";
				CLANG_ENABLE_MODULES = YES;
				CLANG_ENABLE_OBJC_ARC = YES;
				CLANG_ENABLE_OBJC_WEAK = YES;
				CLANG_WARN_BLOCK_CAPTURE_AUTORELEASING = YES;
				CLANG_WARN_BOOL_CONVERSION = YES;
				CLANG_WARN_COMMA = YES;
				CLANG_WARN_CONSTANT_CONVERSION = YES;
				CLANG_WARN_DEPRECATED_OBJC_IMPLEMENTATIONS = YES;
				CLANG_WARN_DIRECT_OBJC_ISA_USAGE = YES_ERROR;
				CLANG_WARN_DOCUMENTATION_COMMENTS = YES;
				CLANG_WARN_EMPTY_BODY = YES;
				CLANG_WARN_ENUM_CONVERSION = YES;
				CLANG_WARN_INFINITE_RECURSION = YES;
				CLANG_WARN_INT_CONVERSION = YES;
				CLANG_WARN_NON_LITERAL_NULL_CONVERSION = YES;
				CLANG_WARN_OBJC_IMPLICIT_RETAIN_SELF = YES;
				CLANG_WARN_OBJC_LITERAL_CONVERSION = YES;
				CLANG_WARN_OBJC_ROOT_CLASS = YES_ERROR;
				CLANG_WARN_QUOTED_INCLUDE_IN_FRAMEWORK_HEADER = YES;
				CLANG_WARN_RANGE_LOOP_ANALYSIS = YES;
				CLANG_WARN_STRICT_PROTOTYPES = YES;
				CLANG_WARN_SUSPICIOUS_MOVE = YES;
				CLANG_WARN_UNGUARDED_AVAILABILITY = YES_AGGRESSIVE;
				CLANG_WARN_UNREACHABLE_CODE = YES;
				CLANG_WARN__DUPLICATE_METHOD_MATCH = YES;
				COPY_PHASE_STRIP = NO;
				DEBUG_INFORMATION_FORMAT = "dwarf-with-dsym";
				ENABLE_NS_ASSERTIONS = NO;
				ENABLE_STRICT_OBJC_MSGSEND = YES;
				GCC_C_LANGUAGE_STANDARD = gnu11;
				GCC_NO_COMMON_BLOCKS = YES;
				GCC_WARN_64_TO_32_BIT_CONVERSION = YES;
				GCC_WARN_ABOUT_RETURN_TYPE = YES_ERROR;
				GCC_WARN_UNDECLARED_SELECTOR = YES;
				GCC_WARN_UNINITIALIZED_AUTOS = YES_AGGRESSIVE;
				GCC_WARN_UNUSED_FUNCTION = YES;
				GCC_WARN_UNUSED_VARIABLE = YES;
				IPHONEOS_DEPLOYMENT_TARGET = 16.4;
				MTL_ENABLE_DEBUG_INFO = NO;
				MTL_FAST_MATH = YES;
				SDKROOT = iphoneos;
				SWIFT_COMPILATION_MODE = wholemodule;
				SWIFT_OPTIMIZATION_LEVEL = "-O";
				VALIDATE_PRODUCT = YES;
			};
			name = Release;
		};
		0F7829792AE9113E00B2EBDE /* Debug */ = {
			isa = XCBuildConfiguration;
			buildSettings = {
				ASSETCATALOG_COMPILER_APPICON_NAME = AppIcon;
				ASSETCATALOG_COMPILER_GLOBAL_ACCENT_COLOR_NAME = AccentColor;
				CODE_SIGN_STYLE = Automatic;
				CURRENT_PROJECT_VERSION = 1;
				DEVELOPMENT_TEAM = PVB65SRUST;
				GENERATE_INFOPLIST_FILE = YES;
				INFOPLIST_FILE = TravioApp/Info.plist;
				INFOPLIST_KEY_UIApplicationSupportsIndirectInputEvents = YES;
				INFOPLIST_KEY_UILaunchStoryboardName = LaunchScreen;
				INFOPLIST_KEY_UISupportedInterfaceOrientations_iPad = "UIInterfaceOrientationPortrait UIInterfaceOrientationPortraitUpsideDown UIInterfaceOrientationLandscapeLeft UIInterfaceOrientationLandscapeRight";
				INFOPLIST_KEY_UISupportedInterfaceOrientations_iPhone = "UIInterfaceOrientationPortrait UIInterfaceOrientationLandscapeLeft UIInterfaceOrientationLandscapeRight";
				LD_RUNPATH_SEARCH_PATHS = (
					"$(inherited)",
					"@executable_path/Frameworks",
				);
				MARKETING_VERSION = 1.0;
				PRODUCT_BUNDLE_IDENTIFIER = com.bilgeAdam.TravioApp;
				PRODUCT_NAME = "$(TARGET_NAME)";
				SWIFT_EMIT_LOC_STRINGS = YES;
				SWIFT_VERSION = 5.0;
				TARGETED_DEVICE_FAMILY = "1,2";
			};
			name = Debug;
		};
		0F78297A2AE9113E00B2EBDE /* Release */ = {
			isa = XCBuildConfiguration;
			buildSettings = {
				ASSETCATALOG_COMPILER_APPICON_NAME = AppIcon;
				ASSETCATALOG_COMPILER_GLOBAL_ACCENT_COLOR_NAME = AccentColor;
				CODE_SIGN_STYLE = Automatic;
				CURRENT_PROJECT_VERSION = 1;
				DEVELOPMENT_TEAM = PVB65SRUST;
				GENERATE_INFOPLIST_FILE = YES;
				INFOPLIST_FILE = TravioApp/Info.plist;
				INFOPLIST_KEY_UIApplicationSupportsIndirectInputEvents = YES;
				INFOPLIST_KEY_UILaunchStoryboardName = LaunchScreen;
				INFOPLIST_KEY_UISupportedInterfaceOrientations_iPad = "UIInterfaceOrientationPortrait UIInterfaceOrientationPortraitUpsideDown UIInterfaceOrientationLandscapeLeft UIInterfaceOrientationLandscapeRight";
				INFOPLIST_KEY_UISupportedInterfaceOrientations_iPhone = "UIInterfaceOrientationPortrait UIInterfaceOrientationLandscapeLeft UIInterfaceOrientationLandscapeRight";
				LD_RUNPATH_SEARCH_PATHS = (
					"$(inherited)",
					"@executable_path/Frameworks",
				);
				MARKETING_VERSION = 1.0;
				PRODUCT_BUNDLE_IDENTIFIER = com.bilgeAdam.TravioApp;
				PRODUCT_NAME = "$(TARGET_NAME)";
				SWIFT_EMIT_LOC_STRINGS = YES;
				SWIFT_VERSION = 5.0;
				TARGETED_DEVICE_FAMILY = "1,2";
			};
			name = Release;
		};
/* End XCBuildConfiguration section */

/* Begin XCConfigurationList section */
		0F78295F2AE9113D00B2EBDE /* Build configuration list for PBXProject "TravioApp" */ = {
			isa = XCConfigurationList;
			buildConfigurations = (
				0F7829762AE9113E00B2EBDE /* Debug */,
				0F7829772AE9113E00B2EBDE /* Release */,
			);
			defaultConfigurationIsVisible = 0;
			defaultConfigurationName = Release;
		};
		0F7829782AE9113E00B2EBDE /* Build configuration list for PBXNativeTarget "TravioApp" */ = {
			isa = XCConfigurationList;
			buildConfigurations = (
				0F7829792AE9113E00B2EBDE /* Debug */,
				0F78297A2AE9113E00B2EBDE /* Release */,
			);
			defaultConfigurationIsVisible = 0;
			defaultConfigurationName = Release;
		};
/* End XCConfigurationList section */

/* Begin XCRemoteSwiftPackageReference section */
		0F78297B2AE9116800B2EBDE /* XCRemoteSwiftPackageReference "SnapKit" */ = {
			isa = XCRemoteSwiftPackageReference;
			repositoryURL = "https://github.com/SnapKit/SnapKit.git";
			requirement = {
				kind = upToNextMajorVersion;
				minimumVersion = 5.0.0;
			};
		};
		0F78297E2AE9117300B2EBDE /* XCRemoteSwiftPackageReference "Alamofire" */ = {
			isa = XCRemoteSwiftPackageReference;
			repositoryURL = "https://github.com/Alamofire/Alamofire.git";
			requirement = {
				kind = upToNextMajorVersion;
				minimumVersion = 5.0.0;
			};
		};
		5E388FCB2AEA680C002ABDBD /* XCRemoteSwiftPackageReference "TinyConstraints" */ = {
			isa = XCRemoteSwiftPackageReference;
			repositoryURL = "https://github.com/roberthein/TinyConstraints.git";
			requirement = {
				kind = upToNextMajorVersion;
				minimumVersion = 4.0.0;
			};
		};
/* End XCRemoteSwiftPackageReference section */

/* Begin XCSwiftPackageProductDependency section */
		0F78297C2AE9116800B2EBDE /* SnapKit */ = {
			isa = XCSwiftPackageProductDependency;
			package = 0F78297B2AE9116800B2EBDE /* XCRemoteSwiftPackageReference "SnapKit" */;
			productName = SnapKit;
		};
		0F78297F2AE9117300B2EBDE /* Alamofire */ = {
			isa = XCSwiftPackageProductDependency;
			package = 0F78297E2AE9117300B2EBDE /* XCRemoteSwiftPackageReference "Alamofire" */;
			productName = Alamofire;
		};
		5E388FCC2AEA680C002ABDBD /* TinyConstraints */ = {
			isa = XCSwiftPackageProductDependency;
			package = 5E388FCB2AEA680C002ABDBD /* XCRemoteSwiftPackageReference "TinyConstraints" */;
			productName = TinyConstraints;
		};
/* End XCSwiftPackageProductDependency section */
	};
	rootObject = 0F78295C2AE9113D00B2EBDE /* Project object */;
}
